
Microsoft Visual Studio Solution File, Format Version 12.00
Project("{FAE04EC0-301F-11D3-BF4B-00C04F79EFBC}") = "Omkeren", "Omkeren\Omkeren.csproj", "{37510BC1-BCEA-417F-B130-F26486F0B6A0}"
EndProject
Project("{FAE04EC0-301F-11D3-BF4B-00C04F79EFBC}") = "Array", "Array\Array.csproj", "{C66DDBB0-DF6C-496D-8348-7652DF29484A}"
EndProject
Project("{FAE04EC0-301F-11D3-BF4B-00C04F79EFBC}") = "Stapel", "Stapel\Stapel.csproj", "{E687921D-5D38-48CF-BAEF-2A9917BD4AFD}"
EndProject
Project("{FAE04EC0-301F-11D3-BF4B-00C04F79EFBC}") = "Nullables", "Nullables\Nullables.csproj", "{07CB65D2-02F0-4357-8C15-CAA0E7E37DD9}"
EndProject
Project("{FAE04EC0-301F-11D3-BF4B-00C04F79EFBC}") = "Accessors", "Accessors\Accessors.csproj", "{9AA0A96D-7E30-4462-958B-67820E73FEF5}"
EndProject
Global
	GlobalSection(SolutionConfigurationPlatforms) = preSolution
		Debug|Any CPU = Debug|Any CPU
		Release|Any CPU = Release|Any CPU
	EndGlobalSection
	GlobalSection(ProjectConfigurationPlatforms) = postSolution
		{37510BC1-BCEA-417F-B130-F26486F0B6A0}.Debug|Any CPU.ActiveCfg = Debug|Any CPU
		{37510BC1-BCEA-417F-B130-F26486F0B6A0}.Debug|Any CPU.Build.0 = Debug|Any CPU
		{37510BC1-BCEA-417F-B130-F26486F0B6A0}.Release|Any CPU.ActiveCfg = Release|Any CPU
		{37510BC1-BCEA-417F-B130-F26486F0B6A0}.Release|Any CPU.Build.0 = Release|Any CPU
		{C66DDBB0-DF6C-496D-8348-7652DF29484A}.Debug|Any CPU.ActiveCfg = Debug|Any CPU
		{C66DDBB0-DF6C-496D-8348-7652DF29484A}.Debug|Any CPU.Build.0 = Debug|Any CPU
		{C66DDBB0-DF6C-496D-8348-7652DF29484A}.Release|Any CPU.ActiveCfg = Release|Any CPU
		{C66DDBB0-DF6C-496D-8348-7652DF29484A}.Release|Any CPU.Build.0 = Release|Any CPU
		{E687921D-5D38-48CF-BAEF-2A9917BD4AFD}.Debug|Any CPU.ActiveCfg = Debug|Any CPU
		{E687921D-5D38-48CF-BAEF-2A9917BD4AFD}.Debug|Any CPU.Build.0 = Debug|Any CPU
		{E687921D-5D38-48CF-BAEF-2A9917BD4AFD}.Release|Any CPU.ActiveCfg = Release|Any CPU
		{E687921D-5D38-48CF-BAEF-2A9917BD4AFD}.Release|Any CPU.Build.0 = Release|Any CPU
		{07CB65D2-02F0-4357-8C15-CAA0E7E37DD9}.Debug|Any CPU.ActiveCfg = Debug|Any CPU
		{07CB65D2-02F0-4357-8C15-CAA0E7E37DD9}.Debug|Any CPU.Build.0 = Debug|Any CPU
		{07CB65D2-02F0-4357-8C15-CAA0E7E37DD9}.Release|Any CPU.ActiveCfg = Release|Any CPU
		{07CB65D2-02F0-4357-8C15-CAA0E7E37DD9}.Release|Any CPU.Build.0 = Release|Any CPU
		{9AA0A96D-7E30-4462-958B-67820E73FEF5}.Debug|Any CPU.ActiveCfg = Debug|Any CPU
		{9AA0A96D-7E30-4462-958B-67820E73FEF5}.Debug|Any CPU.Build.0 = Debug|Any CPU
		{9AA0A96D-7E30-4462-958B-67820E73FEF5}.Release|Any CPU.ActiveCfg = Release|Any CPU
		{9AA0A96D-7E30-4462-958B-67820E73FEF5}.Release|Any CPU.Build.0 = Release|Any CPU
	EndGlobalSection
EndGlobal
